{
  "name": "js-sdk-sample",
  "version": "1.0.0",
  "lockfileVersion": 3,
  "requires": true,
  "packages": {
    "": {
      "name": "js-sdk-sample",
      "version": "1.0.0",
      "license": "MIT",
      "dependencies": {
        "lightswitch-js-sdk": "^0.0.2"
      }
    },
    "node_modules/lightswitch-js-sdk": {
      "version": "0.0.2",
      "resolved": "https://registry.npmjs.org/lightswitch-js-sdk/-/lightswitch-js-sdk-0.0.2.tgz",
      "integrity": "sha512-oRq1vRRB5cwQkP/2dgBWRetWCakPVdn5yXPoErFZrKeP8fhTETc7GpWXBd9DTDBBSLo+9nMyUKHQDf5EqnEo5Q==",
      "dependencies": {
        "yarn": "^1.22.22"
      }
    },
    "node_modules/yarn": {
      "version": "1.22.22",
      "resolved": "https://registry.npmjs.org/yarn/-/yarn-1.22.22.tgz",
      "integrity": "sha512-prL3kGtyG7o9Z9Sv8IPfBNrWTDmXB4Qbes8A9rEzt6wkJV8mUvoirjU0Mp3GGAU06Y0XQyA3/2/RQFVuK7MTfg==",
      "hasInstallScript": true,
      "bin": {
        "yarn": "bin/yarn.js",
        "yarnpkg": "bin/yarn.js"
      },
      "engines": {
        "node": ">=4.0.0"
      }
    }
  }
}
