# THIS IS AN AUTOGENERATED FILE. DO NOT EDIT THIS FILE DIRECTLY.
# yarn lockfile v1


lightswitch-js-sdk@^0.0.2:
  version "0.0.2"
  resolved "https://registry.yarnpkg.com/lightswitch-js-sdk/-/lightswitch-js-sdk-0.0.2.tgz#00f4e27d0a3d194a344b8a368ba2fa54f0d30339"
  integrity sha512-oRq1vRRB5cwQkP/2dgBWRetWCakPVdn5yXPoErFZrKeP8fhTETc7GpWXBd9DTDBBSLo+9nMyUKHQDf5EqnEo5Q==
  dependencies:
    yarn "^1.22.22"

yarn@^1.22.22:
  version "1.22.22"
  resolved "https://registry.yarnpkg.com/yarn/-/yarn-1.22.22.tgz#ac34549e6aa8e7ead463a7407e1c7390f61a6610"
  integrity sha512-prL3kGtyG7o9Z9Sv8IPfBNrWTDmXB4Qbes8A9rEzt6wkJV8mUvoirjU0Mp3GGAU06Y0XQyA3/2/RQFVuK7MTfg==
